
Microsoft Visual Studio Solution File, Format Version 12.00
# Visual Studio 14
VisualStudioVersion = 14.0.23107.0
MinimumVisualStudioVersion = 10.0.40219.1
Project("{FAE04EC0-301F-11D3-BF4B-00C04F79EFBC}") = "Lawnmowers", "Lawnmowers\Lawnmowers.csproj", "{691B96AA-C2D0-4FA6-BE6A-980B1E871341}"
EndProject
Project("{FAE04EC0-301F-11D3-BF4B-00C04F79EFBC}") = "Lawnmowers.Test", "Lawnmowers.Test\Lawnmowers.Test.csproj", "{8F8BB07E-5259-4808-A978-1E3A45FCD878}"
EndProject
Global
	GlobalSection(SolutionConfigurationPlatforms) = preSolution
		Debug|Any CPU = Debug|Any CPU
		Release|Any CPU = Release|Any CPU
	EndGlobalSection
	GlobalSection(ProjectConfigurationPlatforms) = postSolution
		{691B96AA-C2D0-4FA6-BE6A-980B1E871341}.Debug|Any CPU.ActiveCfg = Debug|Any CPU
		{691B96AA-C2D0-4FA6-BE6A-980B1E871341}.Debug|Any CPU.Build.0 = Debug|Any CPU
		{691B96AA-C2D0-4FA6-BE6A-980B1E871341}.Release|Any CPU.ActiveCfg = Release|Any CPU
		{691B96AA-C2D0-4FA6-BE6A-980B1E871341}.Release|Any CPU.Build.0 = Release|Any CPU
		{8F8BB07E-5259-4808-A978-1E3A45FCD878}.Debug|Any CPU.ActiveCfg = Debug|Any CPU
		{8F8BB07E-5259-4808-A978-1E3A45FCD878}.Debug|Any CPU.Build.0 = Debug|Any CPU
		{8F8BB07E-5259-4808-A978-1E3A45FCD878}.Release|Any CPU.ActiveCfg = Release|Any CPU
		{8F8BB07E-5259-4808-A978-1E3A45FCD878}.Release|Any CPU.Build.0 = Release|Any CPU
	EndGlobalSection
	GlobalSection(SolutionProperties) = preSolution
		HideSolutionNode = FALSE
	EndGlobalSection
EndGlobal
